
Microsoft Visual Studio Solution File, Format Version 12.00
# Visual Studio Version 17
VisualStudioVersion = 17.14.36518.9
MinimumVisualStudioVersion = 10.0.40219.1
Project("{FAE04EC0-301F-11D3-BF4B-00C04F79EFBC}") = "TestAnalyzerLib", "src\TestAnalyzerLib\TestAnalyzerLib.csproj", "{3B69E62A-C823-4736-964A-E60E24E9402E}"
EndProject
Project("{FAE04EC0-301F-11D3-BF4B-00C04F79EFBC}") = "FriendAnalyzer", "src\FriendAnalyzer\FriendAnalyzer\FriendAnalyzer.csproj", "{924E175E-A3D9-4DAE-9C84-0E46B0C074B7}"
EndProject
Project("{2150E333-8FDC-42A3-9474-1A3956D46DE8}") = "FriendAnalyzer", "FriendAnalyzer", "{0C664028-1370-46B5-8D80-6F23B995A15A}"
EndProject
Project("{FAE04EC0-301F-11D3-BF4B-00C04F79EFBC}") = "FriendLib", "src\FriendAnalyzer\FriendLib\FriendLib.csproj", "{F7D4A0A3-2AF4-C03B-F431-42B05C60524E}"
EndProject
Project("{FAE04EC0-301F-11D3-BF4B-00C04F79EFBC}") = "TestGeneratorLib", "src\TestGeneratorLib\TestGeneratorLib.csproj", "{37AB2386-20EE-49D0-B7BA-510D1E36FE43}"
EndProject
Project("{FAE04EC0-301F-11D3-BF4B-00C04F79EFBC}") = "FriendGenerator", "src\FriendGenerator\FriendGenerator\FriendGenerator.csproj", "{C00F2294-4A04-7E80-C509-01D854E4A8A8}"
EndProject
Project("{2150E333-8FDC-42A3-9474-1A3956D46DE8}") = "FriendGenerator", "FriendGenerator", "{02EA681E-C7D8-13C7-8484-4AC65E1B71E8}"
EndProject
Project("{2150E333-8FDC-42A3-9474-1A3956D46DE8}") = "IFriend", "IFriend", "{D2E6E169-D472-46CE-98C9-CFA6B41C7006}"
EndProject
Project("{FAE04EC0-301F-11D3-BF4B-00C04F79EFBC}") = "ConsoleAppTestIFriend", "src\IFriend\ConsoleAppTestIFriend\ConsoleAppTestIFriend.csproj", "{EA3FA9F6-4E91-4336-B90A-A92B0DB81782}"
EndProject
Project("{FAE04EC0-301F-11D3-BF4B-00C04F79EFBC}") = "FriendAnalyzer.Vsix", "src\FriendAnalyzer\FriendAnalyzer.Vsix\FriendAnalyzer.Vsix.csproj", "{64DF56B8-2A5A-4F56-A209-D5B36D0EACD9}"
EndProject
Global
	GlobalSection(SolutionConfigurationPlatforms) = preSolution
		Debug|Any CPU = Debug|Any CPU
		Release|Any CPU = Release|Any CPU
	EndGlobalSection
	GlobalSection(ProjectConfigurationPlatforms) = postSolution
		{3B69E62A-C823-4736-964A-E60E24E9402E}.Debug|Any CPU.ActiveCfg = Debug|Any CPU
		{3B69E62A-C823-4736-964A-E60E24E9402E}.Debug|Any CPU.Build.0 = Debug|Any CPU
		{3B69E62A-C823-4736-964A-E60E24E9402E}.Release|Any CPU.ActiveCfg = Release|Any CPU
		{3B69E62A-C823-4736-964A-E60E24E9402E}.Release|Any CPU.Build.0 = Release|Any CPU
		{924E175E-A3D9-4DAE-9C84-0E46B0C074B7}.Debug|Any CPU.ActiveCfg = Debug|Any CPU
		{924E175E-A3D9-4DAE-9C84-0E46B0C074B7}.Debug|Any CPU.Build.0 = Debug|Any CPU
		{924E175E-A3D9-4DAE-9C84-0E46B0C074B7}.Release|Any CPU.ActiveCfg = Release|Any CPU
		{924E175E-A3D9-4DAE-9C84-0E46B0C074B7}.Release|Any CPU.Build.0 = Release|Any CPU
		{F7D4A0A3-2AF4-C03B-F431-42B05C60524E}.Debug|Any CPU.ActiveCfg = Debug|Any CPU
		{F7D4A0A3-2AF4-C03B-F431-42B05C60524E}.Debug|Any CPU.Build.0 = Debug|Any CPU
		{F7D4A0A3-2AF4-C03B-F431-42B05C60524E}.Release|Any CPU.ActiveCfg = Release|Any CPU
		{F7D4A0A3-2AF4-C03B-F431-42B05C60524E}.Release|Any CPU.Build.0 = Release|Any CPU
		{37AB2386-20EE-49D0-B7BA-510D1E36FE43}.Debug|Any CPU.ActiveCfg = Debug|Any CPU
		{37AB2386-20EE-49D0-B7BA-510D1E36FE43}.Debug|Any CPU.Build.0 = Debug|Any CPU
		{37AB2386-20EE-49D0-B7BA-510D1E36FE43}.Release|Any CPU.ActiveCfg = Release|Any CPU
		{37AB2386-20EE-49D0-B7BA-510D1E36FE43}.Release|Any CPU.Build.0 = Release|Any CPU
		{C00F2294-4A04-7E80-C509-01D854E4A8A8}.Debug|Any CPU.ActiveCfg = Debug|Any CPU
		{C00F2294-4A04-7E80-C509-01D854E4A8A8}.Debug|Any CPU.Build.0 = Debug|Any CPU
		{C00F2294-4A04-7E80-C509-01D854E4A8A8}.Release|Any CPU.ActiveCfg = Release|Any CPU
		{C00F2294-4A04-7E80-C509-01D854E4A8A8}.Release|Any CPU.Build.0 = Release|Any CPU
		{EA3FA9F6-4E91-4336-B90A-A92B0DB81782}.Debug|Any CPU.ActiveCfg = Debug|Any CPU
		{EA3FA9F6-4E91-4336-B90A-A92B0DB81782}.Debug|Any CPU.Build.0 = Debug|Any CPU
		{EA3FA9F6-4E91-4336-B90A-A92B0DB81782}.Release|Any CPU.ActiveCfg = Release|Any CPU
		{EA3FA9F6-4E91-4336-B90A-A92B0DB81782}.Release|Any CPU.Build.0 = Release|Any CPU
		{64DF56B8-2A5A-4F56-A209-D5B36D0EACD9}.Debug|Any CPU.ActiveCfg = Debug|Any CPU
		{64DF56B8-2A5A-4F56-A209-D5B36D0EACD9}.Debug|Any CPU.Build.0 = Debug|Any CPU
		{64DF56B8-2A5A-4F56-A209-D5B36D0EACD9}.Release|Any CPU.ActiveCfg = Release|Any CPU
		{64DF56B8-2A5A-4F56-A209-D5B36D0EACD9}.Release|Any CPU.Build.0 = Release|Any CPU
	EndGlobalSection
	GlobalSection(SolutionProperties) = preSolution
		HideSolutionNode = FALSE
	EndGlobalSection
	GlobalSection(NestedProjects) = preSolution
		{924E175E-A3D9-4DAE-9C84-0E46B0C074B7} = {0C664028-1370-46B5-8D80-6F23B995A15A}
		{F7D4A0A3-2AF4-C03B-F431-42B05C60524E} = {0C664028-1370-46B5-8D80-6F23B995A15A}
		{C00F2294-4A04-7E80-C509-01D854E4A8A8} = {02EA681E-C7D8-13C7-8484-4AC65E1B71E8}
		{EA3FA9F6-4E91-4336-B90A-A92B0DB81782} = {D2E6E169-D472-46CE-98C9-CFA6B41C7006}
		{64DF56B8-2A5A-4F56-A209-D5B36D0EACD9} = {0C664028-1370-46B5-8D80-6F23B995A15A}
	EndGlobalSection
	GlobalSection(ExtensibilityGlobals) = postSolution
		SolutionGuid = {887A61D8-397B-4C9E-9589-C10CABA85F58}
	EndGlobalSection
EndGlobal
